// !$*UTF8*$!
{
	archiveVersion = 1;
	classes = {
	};
	objectVersion = 51;
	objects = {

/* Begin PBXBuildFile section */
		01E59BE0614D172089F9A4BC /* Pods_beans_beansUITests.framework in Frameworks */ = {isa = PBXBuildFile; fileRef = 12FBDAFC52DF4010B51E3F0F /* Pods_beans_beansUITests.framework */; };
		410E73862744EAD2000F4485 /* GoogleService-Info.plist in Resources */ = {isa = PBXBuildFile; fileRef = 410E73852744EAD2000F4485 /* GoogleService-Info.plist */; };
		4140087027461E20004080BE /* Constants.swift in Sources */ = {isa = PBXBuildFile; fileRef = 4140086F27461E20004080BE /* Constants.swift */; };
		41BA66DF274118DE0080A7FB /* AppDelegate.swift in Sources */ = {isa = PBXBuildFile; fileRef = 41BA66DE274118DE0080A7FB /* AppDelegate.swift */; };
		41BA66E1274118DE0080A7FB /* SceneDelegate.swift in Sources */ = {isa = PBXBuildFile; fileRef = 41BA66E0274118DE0080A7FB /* SceneDelegate.swift */; };
		41BA66E3274118DE0080A7FB /* ViewController.swift in Sources */ = {isa = PBXBuildFile; fileRef = 41BA66E2274118DE0080A7FB /* ViewController.swift */; };
		41BA66E6274118DE0080A7FB /* Main.storyboard in Resources */ = {isa = PBXBuildFile; fileRef = 41BA66E4274118DE0080A7FB /* Main.storyboard */; };
		41BA66E8274118E40080A7FB /* Assets.xcassets in Resources */ = {isa = PBXBuildFile; fileRef = 41BA66E7274118E40080A7FB /* Assets.xcassets */; };
		41BA66EB274118E40080A7FB /* LaunchScreen.storyboard in Resources */ = {isa = PBXBuildFile; fileRef = 41BA66E9274118E40080A7FB /* LaunchScreen.storyboard */; };
		41BA66F6274118E50080A7FB /* beansTests.swift in Sources */ = {isa = PBXBuildFile; fileRef = 41BA66F5274118E50080A7FB /* beansTests.swift */; };
		41BA6701274118E50080A7FB /* beansUITests.swift in Sources */ = {isa = PBXBuildFile; fileRef = 41BA6700274118E50080A7FB /* beansUITests.swift */; };
		41BA671527411B820080A7FB /* SignUpViewController.swift in Sources */ = {isa = PBXBuildFile; fileRef = 41BA671427411B820080A7FB /* SignUpViewController.swift */; };
		41BA671A27411B970080A7FB /* LoginViewController.swift in Sources */ = {isa = PBXBuildFile; fileRef = 41BA671927411B960080A7FB /* LoginViewController.swift */; };
		41BA671F27411BB00080A7FB /* HomeViewController.swift in Sources */ = {isa = PBXBuildFile; fileRef = 41BA671E27411BB00080A7FB /* HomeViewController.swift */; };
		41BA672D274224790080A7FB /* Utilities.swift in Sources */ = {isa = PBXBuildFile; fileRef = 41BA672C274224790080A7FB /* Utilities.swift */; };
		4219DC05DCF51297723D372C /* Pods_beans.framework in Frameworks */ = {isa = PBXBuildFile; fileRef = 7838D6681ABFCD62F6F2D041 /* Pods_beans.framework */; };
		F5C3FE4D822CD7A95CC889CC /* Pods_beansTests.framework in Frameworks */ = {isa = PBXBuildFile; fileRef = E4EC358B369E6D4274E912E7 /* Pods_beansTests.framework */; };
/* End PBXBuildFile section */

/* Begin PBXContainerItemProxy section */
		41BA66F2274118E50080A7FB /* PBXContainerItemProxy */ = {
			isa = PBXContainerItemProxy;
			containerPortal = 41BA66D3274118DE0080A7FB /* Project object */;
			proxyType = 1;
			remoteGlobalIDString = 41BA66DA274118DE0080A7FB;
			remoteInfo = beans;
		};
		41BA66FD274118E50080A7FB /* PBXContainerItemProxy */ = {
			isa = PBXContainerItemProxy;
			containerPortal = 41BA66D3274118DE0080A7FB /* Project object */;
			proxyType = 1;
			remoteGlobalIDString = 41BA66DA274118DE0080A7FB;
			remoteInfo = beans;
		};
/* End PBXContainerItemProxy section */

/* Begin PBXFileReference section */
		12FBDAFC52DF4010B51E3F0F /* Pods_beans_beansUITests.framework */ = {isa = PBXFileReference; explicitFileType = wrapper.framework; includeInIndex = 0; path = Pods_beans_beansUITests.framework; sourceTree = BUILT_PRODUCTS_DIR; };
		410E73852744EAD2000F4485 /* GoogleService-Info.plist */ = {isa = PBXFileReference; fileEncoding = 4; lastKnownFileType = text.plist.xml; path = "GoogleService-Info.plist"; sourceTree = "<group>"; };
		4140086F27461E20004080BE /* Constants.swift */ = {isa = PBXFileReference; lastKnownFileType = sourcecode.swift; path = Constants.swift; sourceTree = "<group>"; };
		41BA66DB274118DE0080A7FB /* beans.app */ = {isa = PBXFileReference; explicitFileType = wrapper.application; includeInIndex = 0; path = beans.app; sourceTree = BUILT_PRODUCTS_DIR; };
		41BA66DE274118DE0080A7FB /* AppDelegate.swift */ = {isa = PBXFileReference; lastKnownFileType = sourcecode.swift; path = AppDelegate.swift; sourceTree = "<group>"; };
		41BA66E0274118DE0080A7FB /* SceneDelegate.swift */ = {isa = PBXFileReference; lastKnownFileType = sourcecode.swift; path = SceneDelegate.swift; sourceTree = "<group>"; };
		41BA66E2274118DE0080A7FB /* ViewController.swift */ = {isa = PBXFileReference; lastKnownFileType = sourcecode.swift; path = ViewController.swift; sourceTree = "<group>"; };
		41BA66E5274118DE0080A7FB /* Base */ = {isa = PBXFileReference; lastKnownFileType = file.storyboard; name = Base; path = Base.lproj/Main.storyboard; sourceTree = "<group>"; };
		41BA66E7274118E40080A7FB /* Assets.xcassets */ = {isa = PBXFileReference; lastKnownFileType = folder.assetcatalog; path = Assets.xcassets; sourceTree = "<group>"; };
		41BA66EA274118E40080A7FB /* Base */ = {isa = PBXFileReference; lastKnownFileType = file.storyboard; name = Base; path = Base.lproj/LaunchScreen.storyboard; sourceTree = "<group>"; };
		41BA66EC274118E40080A7FB /* Info.plist */ = {isa = PBXFileReference; lastKnownFileType = text.plist.xml; path = Info.plist; sourceTree = "<group>"; };
		41BA66F1274118E50080A7FB /* beansTests.xctest */ = {isa = PBXFileReference; explicitFileType = wrapper.cfbundle; includeInIndex = 0; path = beansTests.xctest; sourceTree = BUILT_PRODUCTS_DIR; };
		41BA66F5274118E50080A7FB /* beansTests.swift */ = {isa = PBXFileReference; lastKnownFileType = sourcecode.swift; path = beansTests.swift; sourceTree = "<group>"; };
		41BA66F7274118E50080A7FB /* Info.plist */ = {isa = PBXFileReference; lastKnownFileType = text.plist.xml; path = Info.plist; sourceTree = "<group>"; };
		41BA66FC274118E50080A7FB /* beansUITests.xctest */ = {isa = PBXFileReference; explicitFileType = wrapper.cfbundle; includeInIndex = 0; path = beansUITests.xctest; sourceTree = BUILT_PRODUCTS_DIR; };
		41BA6700274118E50080A7FB /* beansUITests.swift */ = {isa = PBXFileReference; lastKnownFileType = sourcecode.swift; path = beansUITests.swift; sourceTree = "<group>"; };
		41BA6702274118E50080A7FB /* Info.plist */ = {isa = PBXFileReference; lastKnownFileType = text.plist.xml; path = Info.plist; sourceTree = "<group>"; };
		41BA671427411B820080A7FB /* SignUpViewController.swift */ = {isa = PBXFileReference; lastKnownFileType = sourcecode.swift; path = SignUpViewController.swift; sourceTree = "<group>"; };
		41BA671927411B960080A7FB /* LoginViewController.swift */ = {isa = PBXFileReference; lastKnownFileType = sourcecode.swift; path = LoginViewController.swift; sourceTree = "<group>"; };
		41BA671E27411BB00080A7FB /* HomeViewController.swift */ = {isa = PBXFileReference; lastKnownFileType = sourcecode.swift; path = HomeViewController.swift; sourceTree = "<group>"; };
		41BA672C274224790080A7FB /* Utilities.swift */ = {isa = PBXFileReference; fileEncoding = 4; lastKnownFileType = sourcecode.swift; path = Utilities.swift; sourceTree = "<group>"; };
		45E33782F1F194B2D9A6D477 /* Pods-beansTests.release.xcconfig */ = {isa = PBXFileReference; includeInIndex = 1; lastKnownFileType = text.xcconfig; name = "Pods-beansTests.release.xcconfig"; path = "Target Support Files/Pods-beansTests/Pods-beansTests.release.xcconfig"; sourceTree = "<group>"; };
		7838D6681ABFCD62F6F2D041 /* Pods_beans.framework */ = {isa = PBXFileReference; explicitFileType = wrapper.framework; includeInIndex = 0; path = Pods_beans.framework; sourceTree = BUILT_PRODUCTS_DIR; };
		84F65B68B6CB9166F0DF4CFA /* Pods-beans-beansUITests.release.xcconfig */ = {isa = PBXFileReference; includeInIndex = 1; lastKnownFileType = text.xcconfig; name = "Pods-beans-beansUITests.release.xcconfig"; path = "Target Support Files/Pods-beans-beansUITests/Pods-beans-beansUITests.release.xcconfig"; sourceTree = "<group>"; };
		88475ADF4C252A53A49C3E85 /* Pods-beans.debug.xcconfig */ = {isa = PBXFileReference; includeInIndex = 1; lastKnownFileType = text.xcconfig; name = "Pods-beans.debug.xcconfig"; path = "Target Support Files/Pods-beans/Pods-beans.debug.xcconfig"; sourceTree = "<group>"; };
		9C7677ED7A4164EF6D2398AC /* Pods-beans.release.xcconfig */ = {isa = PBXFileReference; includeInIndex = 1; lastKnownFileType = text.xcconfig; name = "Pods-beans.release.xcconfig"; path = "Target Support Files/Pods-beans/Pods-beans.release.xcconfig"; sourceTree = "<group>"; };
		A9F6D5240F7A294C72BF06F8 /* Pods-beansTests.debug.xcconfig */ = {isa = PBXFileReference; includeInIndex = 1; lastKnownFileType = text.xcconfig; name = "Pods-beansTests.debug.xcconfig"; path = "Target Support Files/Pods-beansTests/Pods-beansTests.debug.xcconfig"; sourceTree = "<group>"; };
		E4EC358B369E6D4274E912E7 /* Pods_beansTests.framework */ = {isa = PBXFileReference; explicitFileType = wrapper.framework; includeInIndex = 0; path = Pods_beansTests.framework; sourceTree = BUILT_PRODUCTS_DIR; };
		F0E5331251FC9DCFAB6DDE27 /* Pods-beans-beansUITests.debug.xcconfig */ = {isa = PBXFileReference; includeInIndex = 1; lastKnownFileType = text.xcconfig; name = "Pods-beans-beansUITests.debug.xcconfig"; path = "Target Support Files/Pods-beans-beansUITests/Pods-beans-beansUITests.debug.xcconfig"; sourceTree = "<group>"; };
/* End PBXFileReference section */

/* Begin PBXFrameworksBuildPhase section */
		41BA66D8274118DE0080A7FB /* Frameworks */ = {
			isa = PBXFrameworksBuildPhase;
			buildActionMask = 2147483647;
			files = (
				4219DC05DCF51297723D372C /* Pods_beans.framework in Frameworks */,
			);
			runOnlyForDeploymentPostprocessing = 0;
		};
		41BA66EE274118E50080A7FB /* Frameworks */ = {
			isa = PBXFrameworksBuildPhase;
			buildActionMask = 2147483647;
			files = (
				F5C3FE4D822CD7A95CC889CC /* Pods_beansTests.framework in Frameworks */,
			);
			runOnlyForDeploymentPostprocessing = 0;
		};
		41BA66F9274118E50080A7FB /* Frameworks */ = {
			isa = PBXFrameworksBuildPhase;
			buildActionMask = 2147483647;
			files = (
				01E59BE0614D172089F9A4BC /* Pods_beans_beansUITests.framework in Frameworks */,
			);
			runOnlyForDeploymentPostprocessing = 0;
		};
/* End PBXFrameworksBuildPhase section */

/* Begin PBXGroup section */
		41400871274780ED004080BE /* Media */ = {
			isa = PBXGroup;
			children = (
			);
			path = Media;
			sourceTree = "<group>";
		};
		41BA66D2274118DE0080A7FB = {
			isa = PBXGroup;
			children = (
				41BA66DD274118DE0080A7FB /* beans */,
				41BA66F4274118E50080A7FB /* beansTests */,
				41BA66FF274118E50080A7FB /* beansUITests */,
				41BA66DC274118DE0080A7FB /* Products */,
				7E4EFF277C59BE9F525FED3F /* Pods */,
				BCFA8E83ED746704A9378D17 /* Frameworks */,
			);
			sourceTree = "<group>";
		};
		41BA66DC274118DE0080A7FB /* Products */ = {
			isa = PBXGroup;
			children = (
				41BA66DB274118DE0080A7FB /* beans.app */,
				41BA66F1274118E50080A7FB /* beansTests.xctest */,
				41BA66FC274118E50080A7FB /* beansUITests.xctest */,
			);
			name = Products;
			sourceTree = "<group>";
		};
		41BA66DD274118DE0080A7FB /* beans */ = {
			isa = PBXGroup;
			children = (
				41BA672327411BD50080A7FB /* View Controllers */,
				41BA67312742247E0080A7FB /* Helpers */,
				41400871274780ED004080BE /* Media */,
				41BA66DE274118DE0080A7FB /* AppDelegate.swift */,
				41BA66E0274118DE0080A7FB /* SceneDelegate.swift */,
				41BA66E4274118DE0080A7FB /* Main.storyboard */,
				41BA66E7274118E40080A7FB /* Assets.xcassets */,
				41BA66E9274118E40080A7FB /* LaunchScreen.storyboard */,
				410E73852744EAD2000F4485 /* GoogleService-Info.plist */,
				41BA66EC274118E40080A7FB /* Info.plist */,
			);
			path = beans;
			sourceTree = "<group>";
		};
		41BA66F4274118E50080A7FB /* beansTests */ = {
			isa = PBXGroup;
			children = (
				41BA66F5274118E50080A7FB /* beansTests.swift */,
				41BA66F7274118E50080A7FB /* Info.plist */,
			);
			path = beansTests;
			sourceTree = "<group>";
		};
		41BA66FF274118E50080A7FB /* beansUITests */ = {
			isa = PBXGroup;
			children = (
				41BA6700274118E50080A7FB /* beansUITests.swift */,
				41BA6702274118E50080A7FB /* Info.plist */,
			);
			path = beansUITests;
			sourceTree = "<group>";
		};
		41BA672327411BD50080A7FB /* View Controllers */ = {
			isa = PBXGroup;
			children = (
				41BA671E27411BB00080A7FB /* HomeViewController.swift */,
				41BA671927411B960080A7FB /* LoginViewController.swift */,
				41BA671427411B820080A7FB /* SignUpViewController.swift */,
				41BA66E2274118DE0080A7FB /* ViewController.swift */,
			);
			path = "View Controllers";
			sourceTree = "<group>";
		};
		41BA67312742247E0080A7FB /* Helpers */ = {
			isa = PBXGroup;
			children = (
				41BA672C274224790080A7FB /* Utilities.swift */,
				4140086F27461E20004080BE /* Constants.swift */,
			);
			path = Helpers;
			sourceTree = "<group>";
		};
		7E4EFF277C59BE9F525FED3F /* Pods */ = {
			isa = PBXGroup;
			children = (
				88475ADF4C252A53A49C3E85 /* Pods-beans.debug.xcconfig */,
				9C7677ED7A4164EF6D2398AC /* Pods-beans.release.xcconfig */,
				F0E5331251FC9DCFAB6DDE27 /* Pods-beans-beansUITests.debug.xcconfig */,
				84F65B68B6CB9166F0DF4CFA /* Pods-beans-beansUITests.release.xcconfig */,
				A9F6D5240F7A294C72BF06F8 /* Pods-beansTests.debug.xcconfig */,
				45E33782F1F194B2D9A6D477 /* Pods-beansTests.release.xcconfig */,
			);
			path = Pods;
			sourceTree = "<group>";
		};
		BCFA8E83ED746704A9378D17 /* Frameworks */ = {
			isa = PBXGroup;
			children = (
				7838D6681ABFCD62F6F2D041 /* Pods_beans.framework */,
				12FBDAFC52DF4010B51E3F0F /* Pods_beans_beansUITests.framework */,
				E4EC358B369E6D4274E912E7 /* Pods_beansTests.framework */,
			);
			name = Frameworks;
			sourceTree = "<group>";
		};
/* End PBXGroup section */

/* Begin PBXNativeTarget section */
		41BA66DA274118DE0080A7FB /* beans */ = {
			isa = PBXNativeTarget;
			buildConfigurationList = 41BA6705274118E50080A7FB /* Build configuration list for PBXNativeTarget "beans" */;
			buildPhases = (
				AE87FCABDCC0D8A6FADAFF60 /* [CP] Check Pods Manifest.lock */,
				41BA66D7274118DE0080A7FB /* Sources */,
				41BA66D8274118DE0080A7FB /* Frameworks */,
				41BA66D9274118DE0080A7FB /* Resources */,
				3D875871DB47EF185BC745AE /* [CP] Embed Pods Frameworks */,
			);
			buildRules = (
			);
			dependencies = (
			);
			name = beans;
			productName = beans;
			productReference = 41BA66DB274118DE0080A7FB /* beans.app */;
			productType = "com.apple.product-type.application";
		};
		41BA66F0274118E50080A7FB /* beansTests */ = {
			isa = PBXNativeTarget;
			buildConfigurationList = 41BA6708274118E50080A7FB /* Build configuration list for PBXNativeTarget "beansTests" */;
			buildPhases = (
				A3A1925387306AD4674DD3EF /* [CP] Check Pods Manifest.lock */,
				41BA66ED274118E50080A7FB /* Sources */,
				41BA66EE274118E50080A7FB /* Frameworks */,
				41BA66EF274118E50080A7FB /* Resources */,
			);
			buildRules = (
			);
			dependencies = (
				41BA66F3274118E50080A7FB /* PBXTargetDependency */,
			);
			name = beansTests;
			productName = beansTests;
			productReference = 41BA66F1274118E50080A7FB /* beansTests.xctest */;
			productType = "com.apple.product-type.bundle.unit-test";
		};
		41BA66FB274118E50080A7FB /* beansUITests */ = {
			isa = PBXNativeTarget;
			buildConfigurationList = 41BA670B274118E50080A7FB /* Build configuration list for PBXNativeTarget "beansUITests" */;
			buildPhases = (
				89D3469F75AF9375338D53AA /* [CP] Check Pods Manifest.lock */,
				41BA66F8274118E50080A7FB /* Sources */,
				41BA66F9274118E50080A7FB /* Frameworks */,
				41BA66FA274118E50080A7FB /* Resources */,
				1DCB6734BDA82D3F558B0D42 /* [CP] Embed Pods Frameworks */,
			);
			buildRules = (
			);
			dependencies = (
				41BA66FE274118E50080A7FB /* PBXTargetDependency */,
			);
			name = beansUITests;
			productName = beansUITests;
			productReference = 41BA66FC274118E50080A7FB /* beansUITests.xctest */;
			productType = "com.apple.product-type.bundle.ui-testing";
		};
/* End PBXNativeTarget section */

/* Begin PBXProject section */
		41BA66D3274118DE0080A7FB /* Project object */ = {
			isa = PBXProject;
			attributes = {
				LastSwiftUpdateCheck = 1220;
				LastUpgradeCheck = 1220;
				TargetAttributes = {
					41BA66DA274118DE0080A7FB = {
						CreatedOnToolsVersion = 12.2;
					};
					41BA66F0274118E50080A7FB = {
						CreatedOnToolsVersion = 12.2;
						TestTargetID = 41BA66DA274118DE0080A7FB;
					};
					41BA66FB274118E50080A7FB = {
						CreatedOnToolsVersion = 12.2;
						TestTargetID = 41BA66DA274118DE0080A7FB;
					};
				};
			};
			buildConfigurationList = 41BA66D6274118DE0080A7FB /* Build configuration list for PBXProject "beans" */;
			compatibilityVersion = "Xcode 9.3";
			developmentRegion = en;
			hasScannedForEncodings = 0;
			knownRegions = (
				en,
				Base,
			);
			mainGroup = 41BA66D2274118DE0080A7FB;
			productRefGroup = 41BA66DC274118DE0080A7FB /* Products */;
			projectDirPath = "";
			projectRoot = "";
			targets = (
				41BA66DA274118DE0080A7FB /* beans */,
				41BA66F0274118E50080A7FB /* beansTests */,
				41BA66FB274118E50080A7FB /* beansUITests */,
			);
		};
/* End PBXProject section */

/* Begin PBXResourcesBuildPhase section */
		41BA66D9274118DE0080A7FB /* Resources */ = {
			isa = PBXResourcesBuildPhase;
			buildActionMask = 2147483647;
			files = (
				41BA66EB274118E40080A7FB /* LaunchScreen.storyboard in Resources */,
				410E73862744EAD2000F4485 /* GoogleService-Info.plist in Resources */,
				41BA66E8274118E40080A7FB /* Assets.xcassets in Resources */,
				41BA66E6274118DE0080A7FB /* Main.storyboard in Resources */,
			);
			runOnlyForDeploymentPostprocessing = 0;
		};
		41BA66EF274118E50080A7FB /* Resources */ = {
			isa = PBXResourcesBuildPhase;
			buildActionMask = 2147483647;
			files = (
			);
			runOnlyForDeploymentPostprocessing = 0;
		};
		41BA66FA274118E50080A7FB /* Resources */ = {
			isa = PBXResourcesBuildPhase;
			buildActionMask = 2147483647;
			files = (
			);
			runOnlyForDeploymentPostprocessing = 0;
		};
/* End PBXResourcesBuildPhase section */

/* Begin PBXShellScriptBuildPhase section */
		1DCB6734BDA82D3F558B0D42 /* [CP] Embed Pods Frameworks */ = {
			isa = PBXShellScriptBuildPhase;
			buildActionMask = 2147483647;
			files = (
			);
			inputFileListPaths = (
				"${PODS_ROOT}/Target Support Files/Pods-beans-beansUITests/Pods-beans-beansUITests-frameworks-${CONFIGURATION}-input-files.xcfilelist",
			);
			name = "[CP] Embed Pods Frameworks";
			outputFileListPaths = (
				"${PODS_ROOT}/Target Support Files/Pods-beans-beansUITests/Pods-beans-beansUITests-frameworks-${CONFIGURATION}-output-files.xcfilelist",
			);
			runOnlyForDeploymentPostprocessing = 0;
			shellPath = /bin/sh;
			shellScript = "\"${PODS_ROOT}/Target Support Files/Pods-beans-beansUITests/Pods-beans-beansUITests-frameworks.sh\"\n";
			showEnvVarsInLog = 0;
		};
		3D875871DB47EF185BC745AE /* [CP] Embed Pods Frameworks */ = {
			isa = PBXShellScriptBuildPhase;
			buildActionMask = 2147483647;
			files = (
			);
			inputFileListPaths = (
				"${PODS_ROOT}/Target Support Files/Pods-beans/Pods-beans-frameworks-${CONFIGURATION}-input-files.xcfilelist",
			);
			name = "[CP] Embed Pods Frameworks";
			outputFileListPaths = (
				"${PODS_ROOT}/Target Support Files/Pods-beans/Pods-beans-frameworks-${CONFIGURATION}-output-files.xcfilelist",
			);
			runOnlyForDeploymentPostprocessing = 0;
			shellPath = /bin/sh;
			shellScript = "\"${PODS_ROOT}/Target Support Files/Pods-beans/Pods-beans-frameworks.sh\"\n";
			showEnvVarsInLog = 0;
		};
		89D3469F75AF9375338D53AA /* [CP] Check Pods Manifest.lock */ = {
			isa = PBXShellScriptBuildPhase;
			buildActionMask = 2147483647;
			files = (
			);
			inputFileListPaths = (
			);
			inputPaths = (
				"${PODS_PODFILE_DIR_PATH}/Podfile.lock",
				"${PODS_ROOT}/Manifest.lock",
			);
			name = "[CP] Check Pods Manifest.lock";
			outputFileListPaths = (
			);
			outputPaths = (
				"$(DERIVED_FILE_DIR)/Pods-beans-beansUITests-checkManifestLockResult.txt",
			);
			runOnlyForDeploymentPostprocessing = 0;
			shellPath = /bin/sh;
			shellScript = "diff \"${PODS_PODFILE_DIR_PATH}/Podfile.lock\" \"${PODS_ROOT}/Manifest.lock\" > /dev/null\nif [ $? != 0 ] ; then\n    # print error to STDERR\n    echo \"error: The sandbox is not in sync with the Podfile.lock. Run 'pod install' or update your CocoaPods installation.\" >&2\n    exit 1\nfi\n# This output is used by Xcode 'outputs' to avoid re-running this script phase.\necho \"SUCCESS\" > \"${SCRIPT_OUTPUT_FILE_0}\"\n";
			showEnvVarsInLog = 0;
		};
		A3A1925387306AD4674DD3EF /* [CP] Check Pods Manifest.lock */ = {
			isa = PBXShellScriptBuildPhase;
			buildActionMask = 2147483647;
			files = (
			);
			inputFileListPaths = (
			);
			inputPaths = (
				"${PODS_PODFILE_DIR_PATH}/Podfile.lock",
				"${PODS_ROOT}/Manifest.lock",
			);
			name = "[CP] Check Pods Manifest.lock";
			outputFileListPaths = (
			);
			outputPaths = (
				"$(DERIVED_FILE_DIR)/Pods-beansTests-checkManifestLockResult.txt",
			);
			runOnlyForDeploymentPostprocessing = 0;
			shellPath = /bin/sh;
			shellScript = "diff \"${PODS_PODFILE_DIR_PATH}/Podfile.lock\" \"${PODS_ROOT}/Manifest.lock\" > /dev/null\nif [ $? != 0 ] ; then\n    # print error to STDERR\n    echo \"error: The sandbox is not in sync with the Podfile.lock. Run 'pod install' or update your CocoaPods installation.\" >&2\n    exit 1\nfi\n# This output is used by Xcode 'outputs' to avoid re-running this script phase.\necho \"SUCCESS\" > \"${SCRIPT_OUTPUT_FILE_0}\"\n";
			showEnvVarsInLog = 0;
		};
		AE87FCABDCC0D8A6FADAFF60 /* [CP] Check Pods Manifest.lock */ = {
			isa = PBXShellScriptBuildPhase;
			buildActionMask = 2147483647;
			files = (
			);
			inputFileListPaths = (
			);
			inputPaths = (
				"${PODS_PODFILE_DIR_PATH}/Podfile.lock",
				"${PODS_ROOT}/Manifest.lock",
			);
			name = "[CP] Check Pods Manifest.lock";
			outputFileListPaths = (
			);
			outputPaths = (
				"$(DERIVED_FILE_DIR)/Pods-beans-checkManifestLockResult.txt",
			);
			runOnlyForDeploymentPostprocessing = 0;
			shellPath = /bin/sh;
			shellScript = "diff \"${PODS_PODFILE_DIR_PATH}/Podfile.lock\" \"${PODS_ROOT}/Manifest.lock\" > /dev/null\nif [ $? != 0 ] ; then\n    # print error to STDERR\n    echo \"error: The sandbox is not in sync with the Podfile.lock. Run 'pod install' or update your CocoaPods installation.\" >&2\n    exit 1\nfi\n# This output is used by Xcode 'outputs' to avoid re-running this script phase.\necho \"SUCCESS\" > \"${SCRIPT_OUTPUT_FILE_0}\"\n";
			showEnvVarsInLog = 0;
		};
/* End PBXShellScriptBuildPhase section */

/* Begin PBXSourcesBuildPhase section */
		41BA66D7274118DE0080A7FB /* Sources */ = {
			isa = PBXSourcesBuildPhase;
			buildActionMask = 2147483647;
			files = (
				41BA66E3274118DE0080A7FB /* ViewController.swift in Sources */,
				41BA66DF274118DE0080A7FB /* AppDelegate.swift in Sources */,
				41BA672D274224790080A7FB /* Utilities.swift in Sources */,
				41BA671527411B820080A7FB /* SignUpViewController.swift in Sources */,
				41BA671A27411B970080A7FB /* LoginViewController.swift in Sources */,
				41BA66E1274118DE0080A7FB /* SceneDelegate.swift in Sources */,
				41BA671F27411BB00080A7FB /* HomeViewController.swift in Sources */,
				4140087027461E20004080BE /* Constants.swift in Sources */,
			);
			runOnlyForDeploymentPostprocessing = 0;
		};
		41BA66ED274118E50080A7FB /* Sources */ = {
			isa = PBXSourcesBuildPhase;
			buildActionMask = 2147483647;
			files = (
				41BA66F6274118E50080A7FB /* beansTests.swift in Sources */,
			);
			runOnlyForDeploymentPostprocessing = 0;
		};
		41BA66F8274118E50080A7FB /* Sources */ = {
			isa = PBXSourcesBuildPhase;
			buildActionMask = 2147483647;
			files = (
				41BA6701274118E50080A7FB /* beansUITests.swift in Sources */,
			);
			runOnlyForDeploymentPostprocessing = 0;
		};
/* End PBXSourcesBuildPhase section */

/* Begin PBXTargetDependency section */
		41BA66F3274118E50080A7FB /* PBXTargetDependency */ = {
			isa = PBXTargetDependency;
			target = 41BA66DA274118DE0080A7FB /* beans */;
			targetProxy = 41BA66F2274118E50080A7FB /* PBXContainerItemProxy */;
		};
		41BA66FE274118E50080A7FB /* PBXTargetDependency */ = {
			isa = PBXTargetDependency;
			target = 41BA66DA274118DE0080A7FB /* beans */;
			targetProxy = 41BA66FD274118E50080A7FB /* PBXContainerItemProxy */;
		};
/* End PBXTargetDependency section */

/* Begin PBXVariantGroup section */
		41BA66E4274118DE0080A7FB /* Main.storyboard */ = {
			isa = PBXVariantGroup;
			children = (
				41BA66E5274118DE0080A7FB /* Base */,
			);
			name = Main.storyboard;
			sourceTree = "<group>";
		};
		41BA66E9274118E40080A7FB /* LaunchScreen.storyboard */ = {
			isa = PBXVariantGroup;
			children = (
				41BA66EA274118E40080A7FB /* Base */,
			);
			name = LaunchScreen.storyboard;
			sourceTree = "<group>";
		};
/* End PBXVariantGroup section */

/* Begin XCBuildConfiguration section */
		41BA6703274118E50080A7FB /* Debug */ = {
			isa = XCBuildConfiguration;
			buildSettings = {
				ALWAYS_SEARCH_USER_PATHS = NO;
				CLANG_ANALYZER_NONNULL = YES;
				CLANG_ANALYZER_NUMBER_OBJECT_CONVERSION = YES_AGGRESSIVE;
				CLANG_CXX_LANGUAGE_STANDARD = "gnu++14";
				CLANG_CXX_LIBRARY = "libc++";
				CLANG_ENABLE_MODULES = YES;
				CLANG_ENABLE_OBJC_ARC = YES;
				CLANG_ENABLE_OBJC_WEAK = YES;
				CLANG_WARN_BLOCK_CAPTURE_AUTORELEASING = YES;
				CLANG_WARN_BOOL_CONVERSION = YES;
				CLANG_WARN_COMMA = YES;
				CLANG_WARN_CONSTANT_CONVERSION = YES;
				CLANG_WARN_DEPRECATED_OBJC_IMPLEMENTATIONS = YES;
				CLANG_WARN_DIRECT_OBJC_ISA_USAGE = YES_ERROR;
				CLANG_WARN_DOCUMENTATION_COMMENTS = YES;
				CLANG_WARN_EMPTY_BODY = YES;
				CLANG_WARN_ENUM_CONVERSION = YES;
				CLANG_WARN_INFINITE_RECURSION = YES;
				CLANG_WARN_INT_CONVERSION = YES;
				CLANG_WARN_NON_LITERAL_NULL_CONVERSION = YES;
				CLANG_WARN_OBJC_IMPLICIT_RETAIN_SELF = YES;
				CLANG_WARN_OBJC_LITERAL_CONVERSION = YES;
				CLANG_WARN_OBJC_ROOT_CLASS = YES_ERROR;
				CLANG_WARN_QUOTED_INCLUDE_IN_FRAMEWORK_HEADER = YES;
				CLANG_WARN_RANGE_LOOP_ANALYSIS = YES;
				CLANG_WARN_STRICT_PROTOTYPES = YES;
				CLANG_WARN_SUSPICIOUS_MOVE = YES;
				CLANG_WARN_UNGUARDED_AVAILABILITY = YES_AGGRESSIVE;
				CLANG_WARN_UNREACHABLE_CODE = YES;
				CLANG_WARN__DUPLICATE_METHOD_MATCH = YES;
				COPY_PHASE_STRIP = NO;
				DEBUG_INFORMATION_FORMAT = dwarf;
				ENABLE_STRICT_OBJC_MSGSEND = YES;
				ENABLE_TESTABILITY = YES;
				GCC_C_LANGUAGE_STANDARD = gnu11;
				GCC_DYNAMIC_NO_PIC = NO;
				GCC_NO_COMMON_BLOCKS = YES;
				GCC_OPTIMIZATION_LEVEL = 0;
				GCC_PREPROCESSOR_DEFINITIONS = (
					"DEBUG=1",
					"$(inherited)",
				);
				GCC_WARN_64_TO_32_BIT_CONVERSION = YES;
				GCC_WARN_ABOUT_RETURN_TYPE = YES_ERROR;
				GCC_WARN_UNDECLARED_SELECTOR = YES;
				GCC_WARN_UNINITIALIZED_AUTOS = YES_AGGRESSIVE;
				GCC_WARN_UNUSED_FUNCTION = YES;
				GCC_WARN_UNUSED_VARIABLE = YES;
				IPHONEOS_DEPLOYMENT_TARGET = 14.2;
				MTL_ENABLE_DEBUG_INFO = INCLUDE_SOURCE;
				MTL_FAST_MATH = YES;
				ONLY_ACTIVE_ARCH = YES;
				SDKROOT = iphoneos;
				SWIFT_ACTIVE_COMPILATION_CONDITIONS = DEBUG;
				SWIFT_OPTIMIZATION_LEVEL = "-Onone";
			};
			name = Debug;
		};
		41BA6704274118E50080A7FB /* Release */ = {
			isa = XCBuildConfiguration;
			buildSettings = {
				ALWAYS_SEARCH_USER_PATHS = NO;
				CLANG_ANALYZER_NONNULL = YES;
				CLANG_ANALYZER_NUMBER_OBJECT_CONVERSION = YES_AGGRESSIVE;
				CLANG_CXX_LANGUAGE_STANDARD = "gnu++14";
				CLANG_CXX_LIBRARY = "libc++";
				CLANG_ENABLE_MODULES = YES;
				CLANG_ENABLE_OBJC_ARC = YES;
				CLANG_ENABLE_OBJC_WEAK = YES;
				CLANG_WARN_BLOCK_CAPTURE_AUTORELEASING = YES;
				CLANG_WARN_BOOL_CONVERSION = YES;
				CLANG_WARN_COMMA = YES;
				CLANG_WARN_CONSTANT_CONVERSION = YES;
				CLANG_WARN_DEPRECATED_OBJC_IMPLEMENTATIONS = YES;
				CLANG_WARN_DIRECT_OBJC_ISA_USAGE = YES_ERROR;
				CLANG_WARN_DOCUMENTATION_COMMENTS = YES;
				CLANG_WARN_EMPTY_BODY = YES;
				CLANG_WARN_ENUM_CONVERSION = YES;
				CLANG_WARN_INFINITE_RECURSION = YES;
				CLANG_WARN_INT_CONVERSION = YES;
				CLANG_WARN_NON_LITERAL_NULL_CONVERSION = YES;
				CLANG_WARN_OBJC_IMPLICIT_RETAIN_SELF = YES;
				CLANG_WARN_OBJC_LITERAL_CONVERSION = YES;
				CLANG_WARN_OBJC_ROOT_CLASS = YES_ERROR;
				CLANG_WARN_QUOTED_INCLUDE_IN_FRAMEWORK_HEADER = YES;
				CLANG_WARN_RANGE_LOOP_ANALYSIS = YES;
				CLANG_WARN_STRICT_PROTOTYPES = YES;
				CLANG_WARN_SUSPICIOUS_MOVE = YES;
				CLANG_WARN_UNGUARDED_AVAILABILITY = YES_AGGRESSIVE;
				CLANG_WARN_UNREACHABLE_CODE = YES;
				CLANG_WARN__DUPLICATE_METHOD_MATCH = YES;
				COPY_PHASE_STRIP = NO;
				DEBUG_INFORMATION_FORMAT = "dwarf-with-dsym";
				ENABLE_NS_ASSERTIONS = NO;
				ENABLE_STRICT_OBJC_MSGSEND = YES;
				GCC_C_LANGUAGE_STANDARD = gnu11;
				GCC_NO_COMMON_BLOCKS = YES;
				GCC_WARN_64_TO_32_BIT_CONVERSION = YES;
				GCC_WARN_ABOUT_RETURN_TYPE = YES_ERROR;
				GCC_WARN_UNDECLARED_SELECTOR = YES;
				GCC_WARN_UNINITIALIZED_AUTOS = YES_AGGRESSIVE;
				GCC_WARN_UNUSED_FUNCTION = YES;
				GCC_WARN_UNUSED_VARIABLE = YES;
				IPHONEOS_DEPLOYMENT_TARGET = 14.2;
				MTL_ENABLE_DEBUG_INFO = NO;
				MTL_FAST_MATH = YES;
				SDKROOT = iphoneos;
				SWIFT_COMPILATION_MODE = wholemodule;
				SWIFT_OPTIMIZATION_LEVEL = "-O";
				VALIDATE_PRODUCT = YES;
			};
			name = Release;
		};
		41BA6706274118E50080A7FB /* Debug */ = {
			isa = XCBuildConfiguration;
			baseConfigurationReference = 88475ADF4C252A53A49C3E85 /* Pods-beans.debug.xcconfig */;
			buildSettings = {
				ASSETCATALOG_COMPILER_APPICON_NAME = beansPic;
				ASSETCATALOG_COMPILER_GLOBAL_ACCENT_COLOR_NAME = AccentColor;
				ASSETCATALOG_COMPILER_INCLUDE_ALL_APPICON_ASSETS = YES;
				CODE_SIGN_STYLE = Automatic;
				DEVELOPMENT_TEAM = M9GX54C44S;
				INFOPLIST_FILE = beans/Info.plist;
				INFOPLIST_KEY_UIUserInterfaceStyle = Light;
				IPHONEOS_DEPLOYMENT_TARGET = 13.0;
				LD_RUNPATH_SEARCH_PATHS = (
					"$(inherited)",
					"@executable_path/Frameworks",
				);
				PRODUCT_BUNDLE_IDENTIFIER = millersolis.beans;
				PRODUCT_NAME = "$(TARGET_NAME)";
				SWIFT_VERSION = 5.0;
				TARGETED_DEVICE_FAMILY = "1,2";
			};
			name = Debug;
		};
		41BA6707274118E50080A7FB /* Release */ = {
			isa = XCBuildConfiguration;
			baseConfigurationReference = 9C7677ED7A4164EF6D2398AC /* Pods-beans.release.xcconfig */;
			buildSettings = {
				ASSETCATALOG_COMPILER_APPICON_NAME = beansPic;
				ASSETCATALOG_COMPILER_GLOBAL_ACCENT_COLOR_NAME = AccentColor;
				ASSETCATALOG_COMPILER_INCLUDE_ALL_APPICON_ASSETS = YES;
				CODE_SIGN_STYLE = Automatic;
				DEVELOPMENT_TEAM = M9GX54C44S;
				INFOPLIST_FILE = beans/Info.plist;
				INFOPLIST_KEY_UIUserInterfaceStyle = Light;
				IPHONEOS_DEPLOYMENT_TARGET = 13.0;
				LD_RUNPATH_SEARCH_PATHS = (
					"$(inherited)",
					"@executable_path/Frameworks",
				);
				PRODUCT_BUNDLE_IDENTIFIER = millersolis.beans;
				PRODUCT_NAME = "$(TARGET_NAME)";
				SWIFT_VERSION = 5.0;
				TARGETED_DEVICE_FAMILY = "1,2";
			};
			name = Release;
		};
		41BA6709274118E50080A7FB /* Debug */ = {
			isa = XCBuildConfiguration;
			baseConfigurationReference = A9F6D5240F7A294C72BF06F8 /* Pods-beansTests.debug.xcconfig */;
			buildSettings = {
				ALWAYS_EMBED_SWIFT_STANDARD_LIBRARIES = YES;
				BUNDLE_LOADER = "$(TEST_HOST)";
				CODE_SIGN_STYLE = Automatic;
				DEVELOPMENT_TEAM = M9GX54C44S;
				INFOPLIST_FILE = beansTests/Info.plist;
				IPHONEOS_DEPLOYMENT_TARGET = 14.2;
				LD_RUNPATH_SEARCH_PATHS = (
					"$(inherited)",
					"@executable_path/Frameworks",
					"@loader_path/Frameworks",
				);
				PRODUCT_BUNDLE_IDENTIFIER = millersolis.beansTests;
				PRODUCT_NAME = "$(TARGET_NAME)";
				SWIFT_VERSION = 5.0;
				TARGETED_DEVICE_FAMILY = "1,2";
				TEST_HOST = "$(BUILT_PRODUCTS_DIR)/beans.app/beans";
			};
			name = Debug;
		};
		41BA670A274118E50080A7FB /* Release */ = {
			isa = XCBuildConfiguration;
			baseConfigurationReference = 45E33782F1F194B2D9A6D477 /* Pods-beansTests.release.xcconfig */;
			buildSettings = {
				ALWAYS_EMBED_SWIFT_STANDARD_LIBRARIES = YES;
				BUNDLE_LOADER = "$(TEST_HOST)";
				CODE_SIGN_STYLE = Automatic;
				DEVELOPMENT_TEAM = M9GX54C44S;
				INFOPLIST_FILE = beansTests/Info.plist;
				IPHONEOS_DEPLOYMENT_TARGET = 14.2;
				LD_RUNPATH_SEARCH_PATHS = (
					"$(inherited)",
					"@executable_path/Frameworks",
					"@loader_path/Frameworks",
				);
				PRODUCT_BUNDLE_IDENTIFIER = millersolis.beansTests;
				PRODUCT_NAME = "$(TARGET_NAME)";
				SWIFT_VERSION = 5.0;
				TARGETED_DEVICE_FAMILY = "1,2";
				TEST_HOST = "$(BUILT_PRODUCTS_DIR)/beans.app/beans";
			};
			name = Release;
		};
		41BA670C274118E50080A7FB /* Debug */ = {
			isa = XCBuildConfiguration;
			baseConfigurationReference = F0E5331251FC9DCFAB6DDE27 /* Pods-beans-beansUITests.debug.xcconfig */;
			buildSettings = {
				ALWAYS_EMBED_SWIFT_STANDARD_LIBRARIES = YES;
				CODE_SIGN_STYLE = Automatic;
				DEVELOPMENT_TEAM = M9GX54C44S;
				INFOPLIST_FILE = beansUITests/Info.plist;
				LD_RUNPATH_SEARCH_PATHS = (
					"$(inherited)",
					"@executable_path/Frameworks",
					"@loader_path/Frameworks",
				);
				PRODUCT_BUNDLE_IDENTIFIER = millersolis.beansUITests;
				PRODUCT_NAME = "$(TARGET_NAME)";
				SWIFT_VERSION = 5.0;
				TARGETED_DEVICE_FAMILY = "1,2";
				TEST_TARGET_NAME = beans;
			};
			name = Debug;
		};
		41BA670D274118E50080A7FB /* Release */ = {
			isa = XCBuildConfiguration;
			baseConfigurationReference = 84F65B68B6CB9166F0DF4CFA /* Pods-beans-beansUITests.release.xcconfig */;
			buildSettings = {
				ALWAYS_EMBED_SWIFT_STANDARD_LIBRARIES = YES;
				CODE_SIGN_STYLE = Automatic;
				DEVELOPMENT_TEAM = M9GX54C44S;
				INFOPLIST_FILE = beansUITests/Info.plist;
				LD_RUNPATH_SEARCH_PATHS = (
					"$(inherited)",
					"@executable_path/Frameworks",
					"@loader_path/Frameworks",
				);
				PRODUCT_BUNDLE_IDENTIFIER = millersolis.beansUITests;
				PRODUCT_NAME = "$(TARGET_NAME)";
				SWIFT_VERSION = 5.0;
				TARGETED_DEVICE_FAMILY = "1,2";
				TEST_TARGET_NAME = beans;
			};
			name = Release;
		};
/* End XCBuildConfiguration section */

/* Begin XCConfigurationList section */
		41BA66D6274118DE0080A7FB /* Build configuration list for PBXProject "beans" */ = {
			isa = XCConfigurationList;
			buildConfigurations = (
				41BA6703274118E50080A7FB /* Debug */,
				41BA6704274118E50080A7FB /* Release */,
			);
			defaultConfigurationIsVisible = 0;
			defaultConfigurationName = Release;
		};
		41BA6705274118E50080A7FB /* Build configuration list for PBXNativeTarget "beans" */ = {
			isa = XCConfigurationList;
			buildConfigurations = (
				41BA6706274118E50080A7FB /* Debug */,
				41BA6707274118E50080A7FB /* Release */,
			);
			defaultConfigurationIsVisible = 0;
			defaultConfigurationName = Release;
		};
		41BA6708274118E50080A7FB /* Build configuration list for PBXNativeTarget "beansTests" */ = {
			isa = XCConfigurationList;
			buildConfigurations = (
				41BA6709274118E50080A7FB /* Debug */,
				41BA670A274118E50080A7FB /* Release */,
			);
			defaultConfigurationIsVisible = 0;
			defaultConfigurationName = Release;
		};
		41BA670B274118E50080A7FB /* Build configuration list for PBXNativeTarget "beansUITests" */ = {
			isa = XCConfigurationList;
			buildConfigurations = (
				41BA670C274118E50080A7FB /* Debug */,
				41BA670D274118E50080A7FB /* Release */,
			);
			defaultConfigurationIsVisible = 0;
			defaultConfigurationName = Release;
		};
/* End XCConfigurationList section */
	};
	rootObject = 41BA66D3274118DE0080A7FB /* Project object */;
}
